// !$*UTF8*$!
{
	archiveVersion = 1;
	classes = {
	};
	objectVersion = 77;
	objects = {

/* Begin PBXContainerItemProxy section */
		F4009BB72CD5A80300A7BF31 /* PBXContainerItemProxy */ = {
			isa = PBXContainerItemProxy;
			containerPortal = F4009B9E2CD5A80200A7BF31 /* Project object */;
			proxyType = 1;
			remoteGlobalIDString = F4009BA52CD5A80200A7BF31;
			remoteInfo = TeeOff;
		};
		F4009BC12CD5A80300A7BF31 /* PBXContainerItemProxy */ = {
			isa = PBXContainerItemProxy;
			containerPortal = F4009B9E2CD5A80200A7BF31 /* Project object */;
			proxyType = 1;
			remoteGlobalIDString = F4009BA52CD5A80200A7BF31;
			remoteInfo = TeeOff;
		};
/* End PBXContainerItemProxy section */

/* Begin PBXFileReference section */
		F4009BA62CD5A80200A7BF31 /* TeeOff.app */ = {isa = PBXFileReference; explicitFileType = wrapper.application; includeInIndex = 0; path = TeeOff.app; sourceTree = BUILT_PRODUCTS_DIR; };
		F4009BB62CD5A80300A7BF31 /* TeeOffTests.xctest */ = {isa = PBXFileReference; explicitFileType = wrapper.cfbundle; includeInIndex = 0; path = TeeOffTests.xctest; sourceTree = BUILT_PRODUCTS_DIR; };
		F4009BC02CD5A80300A7BF31 /* TeeOffUITests.xctest */ = {isa = PBXFileReference; explicitFileType = wrapper.cfbundle; includeInIndex = 0; path = TeeOffUITests.xctest; sourceTree = BUILT_PRODUCTS_DIR; };
/* End PBXFileReference section */

/* Begin PBXFileSystemSynchronizedRootGroup section */
		F4009BA82CD5A80200A7BF31 /* TeeOff */ = {
			isa = PBXFileSystemSynchronizedRootGroup;
			path = TeeOff;
			sourceTree = "<group>";
		};
		F4009BB92CD5A80300A7BF31 /* TeeOffTests */ = {
			isa = PBXFileSystemSynchronizedRootGroup;
			path = TeeOffTests;
			sourceTree = "<group>";
		};
		F4009BC32CD5A80300A7BF31 /* TeeOffUITests */ = {
			isa = PBXFileSystemSynchronizedRootGroup;
			path = TeeOffUITests;
			sourceTree = "<group>";
		};
/* End PBXFileSystemSynchronizedRootGroup section */

/* Begin PBXFrameworksBuildPhase section */
		F4009BA32CD5A80200A7BF31 /* Frameworks */ = {
			isa = PBXFrameworksBuildPhase;
			buildActionMask = 2147483647;
			files = (
			);
			runOnlyForDeploymentPostprocessing = 0;
		};
		F4009BB32CD5A80300A7BF31 /* Frameworks */ = {
			isa = PBXFrameworksBuildPhase;
			buildActionMask = 2147483647;
			files = (
			);
			runOnlyForDeploymentPostprocessing = 0;
		};
		F4009BBD2CD5A80300A7BF31 /* Frameworks */ = {
			isa = PBXFrameworksBuildPhase;
			buildActionMask = 2147483647;
			files = (
			);
			runOnlyForDeploymentPostprocessing = 0;
		};
/* End PBXFrameworksBuildPhase section */

/* Begin PBXGroup section */
		F4009B9D2CD5A80200A7BF31 = {
			isa = PBXGroup;
			children = (
				F4009BA82CD5A80200A7BF31 /* TeeOff */,
				F4009BB92CD5A80300A7BF31 /* TeeOffTests */,
				F4009BC32CD5A80300A7BF31 /* TeeOffUITests */,
				F4009BA72CD5A80200A7BF31 /* Products */,
			);
			sourceTree = "<group>";
		};
		F4009BA72CD5A80200A7BF31 /* Products */ = {
			isa = PBXGroup;
			children = (
				F4009BA62CD5A80200A7BF31 /* TeeOff.app */,
				F4009BB62CD5A80300A7BF31 /* TeeOffTests.xctest */,
				F4009BC02CD5A80300A7BF31 /* TeeOffUITests.xctest */,
			);
			name = Products;
			sourceTree = "<group>";
		};
/* End PBXGroup section */

/* Begin PBXNativeTarget section */
		F4009BA52CD5A80200A7BF31 /* TeeOff */ = {
			isa = PBXNativeTarget;
			buildConfigurationList = F4009BCA2CD5A80300A7BF31 /* Build configuration list for PBXNativeTarget "TeeOff" */;
			buildPhases = (
				F4009BA22CD5A80200A7BF31 /* Sources */,
				F4009BA32CD5A80200A7BF31 /* Frameworks */,
				F4009BA42CD5A80200A7BF31 /* Resources */,
			);
			buildRules = (
			);
			dependencies = (
			);
			fileSystemSynchronizedGroups = (
				F4009BA82CD5A80200A7BF31 /* TeeOff */,
			);
			name = TeeOff;
			packageProductDependencies = (
			);
			productName = TeeOff;
			productReference = F4009BA62CD5A80200A7BF31 /* TeeOff.app */;
			productType = "com.apple.product-type.application";
		};
		F4009BB52CD5A80300A7BF31 /* TeeOffTests */ = {
			isa = PBXNativeTarget;
			buildConfigurationList = F4009BCD2CD5A80300A7BF31 /* Build configuration list for PBXNativeTarget "TeeOffTests" */;
			buildPhases = (
				F4009BB22CD5A80300A7BF31 /* Sources */,
				F4009BB32CD5A80300A7BF31 /* Frameworks */,
				F4009BB42CD5A80300A7BF31 /* Resources */,
			);
			buildRules = (
			);
			dependencies = (
				F4009BB82CD5A80300A7BF31 /* PBXTargetDependency */,
			);
			fileSystemSynchronizedGroups = (
				F4009BB92CD5A80300A7BF31 /* TeeOffTests */,
			);
			name = TeeOffTests;
			packageProductDependencies = (
			);
			productName = TeeOffTests;
			productReference = F4009BB62CD5A80300A7BF31 /* TeeOffTests.xctest */;
			productType = "com.apple.product-type.bundle.unit-test";
		};
		F4009BBF2CD5A80300A7BF31 /* TeeOffUITests */ = {
			isa = PBXNativeTarget;
			buildConfigurationList = F4009BD02CD5A80300A7BF31 /* Build configuration list for PBXNativeTarget "TeeOffUITests" */;
			buildPhases = (
				F4009BBC2CD5A80300A7BF31 /* Sources */,
				F4009BBD2CD5A80300A7BF31 /* Frameworks */,
				F4009BBE2CD5A80300A7BF31 /* Resources */,
			);
			buildRules = (
			);
			dependencies = (
				F4009BC22CD5A80300A7BF31 /* PBXTargetDependency */,
			);
			fileSystemSynchronizedGroups = (
				F4009BC32CD5A80300A7BF31 /* TeeOffUITests */,
			);
			name = TeeOffUITests;
			packageProductDependencies = (
			);
			productName = TeeOffUITests;
			productReference = F4009BC02CD5A80300A7BF31 /* TeeOffUITests.xctest */;
			productType = "com.apple.product-type.bundle.ui-testing";
		};
/* End PBXNativeTarget section */

/* Begin PBXProject section */
		F4009B9E2CD5A80200A7BF31 /* Project object */ = {
			isa = PBXProject;
			attributes = {
				BuildIndependentTargetsInParallel = 1;
				LastSwiftUpdateCheck = 1610;
				LastUpgradeCheck = 1610;
				TargetAttributes = {
					F4009BA52CD5A80200A7BF31 = {
						CreatedOnToolsVersion = 16.1;
					};
					F4009BB52CD5A80300A7BF31 = {
						CreatedOnToolsVersion = 16.1;
						TestTargetID = F4009BA52CD5A80200A7BF31;
					};
					F4009BBF2CD5A80300A7BF31 = {
						CreatedOnToolsVersion = 16.1;
						TestTargetID = F4009BA52CD5A80200A7BF31;
					};
				};
			};
			buildConfigurationList = F4009BA12CD5A80200A7BF31 /* Build configuration list for PBXProject "TeeOff" */;
			developmentRegion = en;
			hasScannedForEncodings = 0;
			knownRegions = (
				en,
				Base,
			);
			mainGroup = F4009B9D2CD5A80200A7BF31;
			minimizedProjectReferenceProxies = 1;
			preferredProjectObjectVersion = 77;
			productRefGroup = F4009BA72CD5A80200A7BF31 /* Products */;
			projectDirPath = "";
			projectRoot = "";
			targets = (
				F4009BA52CD5A80200A7BF31 /* TeeOff */,
				F4009BB52CD5A80300A7BF31 /* TeeOffTests */,
				F4009BBF2CD5A80300A7BF31 /* TeeOffUITests */,
			);
		};
/* End PBXProject section */

/* Begin PBXResourcesBuildPhase section */
		F4009BA42CD5A80200A7BF31 /* Resources */ = {
			isa = PBXResourcesBuildPhase;
			buildActionMask = 2147483647;
			files = (
			);
			runOnlyForDeploymentPostprocessing = 0;
		};
		F4009BB42CD5A80300A7BF31 /* Resources */ = {
			isa = PBXResourcesBuildPhase;
			buildActionMask = 2147483647;
			files = (
			);
			runOnlyForDeploymentPostprocessing = 0;
		};
		F4009BBE2CD5A80300A7BF31 /* Resources */ = {
			isa = PBXResourcesBuildPhase;
			buildActionMask = 2147483647;
			files = (
			);
			runOnlyForDeploymentPostprocessing = 0;
		};
/* End PBXResourcesBuildPhase section */

/* Begin PBXSourcesBuildPhase section */
		F4009BA22CD5A80200A7BF31 /* Sources */ = {
			isa = PBXSourcesBuildPhase;
			buildActionMask = 2147483647;
			files = (
			);
			runOnlyForDeploymentPostprocessing = 0;
		};
		F4009BB22CD5A80300A7BF31 /* Sources */ = {
			isa = PBXSourcesBuildPhase;
			buildActionMask = 2147483647;
			files = (
			);
			runOnlyForDeploymentPostprocessing = 0;
		};
		F4009BBC2CD5A80300A7BF31 /* Sources */ = {
			isa = PBXSourcesBuildPhase;
			buildActionMask = 2147483647;
			files = (
			);
			runOnlyForDeploymentPostprocessing = 0;
		};
/* End PBXSourcesBuildPhase section */

/* Begin PBXTargetDependency section */
		F4009BB82CD5A80300A7BF31 /* PBXTargetDependency */ = {
			isa = PBXTargetDependency;
			target = F4009BA52CD5A80200A7BF31 /* TeeOff */;
			targetProxy = F4009BB72CD5A80300A7BF31 /* PBXContainerItemProxy */;
		};
		F4009BC22CD5A80300A7BF31 /* PBXTargetDependency */ = {
			isa = PBXTargetDependency;
			target = F4009BA52CD5A80200A7BF31 /* TeeOff */;
			targetProxy = F4009BC12CD5A80300A7BF31 /* PBXContainerItemProxy */;
		};
/* End PBXTargetDependency section */

/* Begin XCBuildConfiguration section */
		F4009BC82CD5A80300A7BF31 /* Debug */ = {
			isa = XCBuildConfiguration;
			buildSettings = {
				ALWAYS_SEARCH_USER_PATHS = NO;
				ASSETCATALOG_COMPILER_GENERATE_SWIFT_ASSET_SYMBOL_EXTENSIONS = YES;
				CLANG_ANALYZER_NONNULL = YES;
				CLANG_ANALYZER_NUMBER_OBJECT_CONVERSION = YES_AGGRESSIVE;
				CLANG_CXX_LANGUAGE_STANDARD = "gnu++20";
				CLANG_ENABLE_MODULES = YES;
				CLANG_ENABLE_OBJC_ARC = YES;
				CLANG_ENABLE_OBJC_WEAK = YES;
				CLANG_WARN_BLOCK_CAPTURE_AUTORELEASING = YES;
				CLANG_WARN_BOOL_CONVERSION = YES;
				CLANG_WARN_COMMA = YES;
				CLANG_WARN_CONSTANT_CONVERSION = YES;
				CLANG_WARN_DEPRECATED_OBJC_IMPLEMENTATIONS = YES;
				CLANG_WARN_DIRECT_OBJC_ISA_USAGE = YES_ERROR;
				CLANG_WARN_DOCUMENTATION_COMMENTS = YES;
				CLANG_WARN_EMPTY_BODY = YES;
				CLANG_WARN_ENUM_CONVERSION = YES;
				CLANG_WARN_INFINITE_RECURSION = YES;
				CLANG_WARN_INT_CONVERSION = YES;
				CLANG_WARN_NON_LITERAL_NULL_CONVERSION = YES;
				CLANG_WARN_OBJC_IMPLICIT_RETAIN_SELF = YES;
				CLANG_WARN_OBJC_LITERAL_CONVERSION = YES;
				CLANG_WARN_OBJC_ROOT_CLASS = YES_ERROR;
				CLANG_WARN_QUOTED_INCLUDE_IN_FRAMEWORK_HEADER = YES;
				CLANG_WARN_RANGE_LOOP_ANALYSIS = YES;
				CLANG_WARN_STRICT_PROTOTYPES = YES;
				CLANG_WARN_SUSPICIOUS_MOVE = YES;
				CLANG_WARN_UNGUARDED_AVAILABILITY = YES_AGGRESSIVE;
				CLANG_WARN_UNREACHABLE_CODE = YES;
				CLANG_WARN__DUPLICATE_METHOD_MATCH = YES;
				COPY_PHASE_STRIP = NO;
				DEBUG_INFORMATION_FORMAT = dwarf;
				ENABLE_STRICT_OBJC_MSGSEND = YES;
				ENABLE_TESTABILITY = YES;
				ENABLE_USER_SCRIPT_SANDBOXING = YES;
				GCC_C_LANGUAGE_STANDARD = gnu17;
				GCC_DYNAMIC_NO_PIC = NO;
				GCC_NO_COMMON_BLOCKS = YES;
				GCC_OPTIMIZATION_LEVEL = 0;
				GCC_PREPROCESSOR_DEFINITIONS = (
					"DEBUG=1",
					"$(inherited)",
				);
				GCC_WARN_64_TO_32_BIT_CONVERSION = YES;
				GCC_WARN_ABOUT_RETURN_TYPE = YES_ERROR;
				GCC_WARN_UNDECLARED_SELECTOR = YES;
				GCC_WARN_UNINITIALIZED_AUTOS = YES_AGGRESSIVE;
				GCC_WARN_UNUSED_FUNCTION = YES;
				GCC_WARN_UNUSED_VARIABLE = YES;
				IPHONEOS_DEPLOYMENT_TARGET = 18.1;
				LOCALIZATION_PREFERS_STRING_CATALOGS = YES;
				MTL_ENABLE_DEBUG_INFO = INCLUDE_SOURCE;
				MTL_FAST_MATH = YES;
				ONLY_ACTIVE_ARCH = YES;
				SDKROOT = iphoneos;
				SWIFT_ACTIVE_COMPILATION_CONDITIONS = "DEBUG $(inherited)";
				SWIFT_OPTIMIZATION_LEVEL = "-Onone";
			};
			name = Debug;
		};
		F4009BC92CD5A80300A7BF31 /* Release */ = {
			isa = XCBuildConfiguration;
			buildSettings = {
				ALWAYS_SEARCH_USER_PATHS = NO;
				ASSETCATALOG_COMPILER_GENERATE_SWIFT_ASSET_SYMBOL_EXTENSIONS = YES;
				CLANG_ANALYZER_NONNULL = YES;
				CLANG_ANALYZER_NUMBER_OBJECT_CONVERSION = YES_AGGRESSIVE;
				CLANG_CXX_LANGUAGE_STANDARD = "gnu++20";
				CLANG_ENABLE_MODULES = YES;
				CLANG_ENABLE_OBJC_ARC = YES;
				CLANG_ENABLE_OBJC_WEAK = YES;
				CLANG_WARN_BLOCK_CAPTURE_AUTORELEASING = YES;
				CLANG_WARN_BOOL_CONVERSION = YES;
				CLANG_WARN_COMMA = YES;
				CLANG_WARN_CONSTANT_CONVERSION = YES;
				CLANG_WARN_DEPRECATED_OBJC_IMPLEMENTATIONS = YES;
				CLANG_WARN_DIRECT_OBJC_ISA_USAGE = YES_ERROR;
				CLANG_WARN_DOCUMENTATION_COMMENTS = YES;
				CLANG_WARN_EMPTY_BODY = YES;
				CLANG_WARN_ENUM_CONVERSION = YES;
				CLANG_WARN_INFINITE_RECURSION = YES;
				CLANG_WARN_INT_CONVERSION = YES;
				CLANG_WARN_NON_LITERAL_NULL_CONVERSION = YES;
				CLANG_WARN_OBJC_IMPLICIT_RETAIN_SELF = YES;
				CLANG_WARN_OBJC_LITERAL_CONVERSION = YES;
				CLANG_WARN_OBJC_ROOT_CLASS = YES_ERROR;
				CLANG_WARN_QUOTED_INCLUDE_IN_FRAMEWORK_HEADER = YES;
				CLANG_WARN_RANGE_LOOP_ANALYSIS = YES;
				CLANG_WARN_STRICT_PROTOTYPES = YES;
				CLANG_WARN_SUSPICIOUS_MOVE = YES;
				CLANG_WARN_UNGUARDED_AVAILABILITY = YES_AGGRESSIVE;
				CLANG_WARN_UNREACHABLE_CODE = YES;
				CLANG_WARN__DUPLICATE_METHOD_MATCH = YES;
				COPY_PHASE_STRIP = NO;
				DEBUG_INFORMATION_FORMAT = "dwarf-with-dsym";
				ENABLE_NS_ASSERTIONS = NO;
				ENABLE_STRICT_OBJC_MSGSEND = YES;
				ENABLE_USER_SCRIPT_SANDBOXING = YES;
				GCC_C_LANGUAGE_STANDARD = gnu17;
				GCC_NO_COMMON_BLOCKS = YES;
				GCC_WARN_64_TO_32_BIT_CONVERSION = YES;
				GCC_WARN_ABOUT_RETURN_TYPE = YES_ERROR;
				GCC_WARN_UNDECLARED_SELECTOR = YES;
				GCC_WARN_UNINITIALIZED_AUTOS = YES_AGGRESSIVE;
				GCC_WARN_UNUSED_FUNCTION = YES;
				GCC_WARN_UNUSED_VARIABLE = YES;
				IPHONEOS_DEPLOYMENT_TARGET = 18.1;
				LOCALIZATION_PREFERS_STRING_CATALOGS = YES;
				MTL_ENABLE_DEBUG_INFO = NO;
				MTL_FAST_MATH = YES;
				SDKROOT = iphoneos;
				SWIFT_COMPILATION_MODE = wholemodule;
				VALIDATE_PRODUCT = YES;
			};
			name = Release;
		};
		F4009BCB2CD5A80300A7BF31 /* Debug */ = {
			isa = XCBuildConfiguration;
			buildSettings = {
				ASSETCATALOG_COMPILER_APPICON_NAME = AppIcon;
				ASSETCATALOG_COMPILER_GLOBAL_ACCENT_COLOR_NAME = AccentColor;
				CODE_SIGN_STYLE = Automatic;
				CURRENT_PROJECT_VERSION = 1;
				DEVELOPMENT_ASSET_PATHS = "\"TeeOff/Preview Content\"";
				DEVELOPMENT_TEAM = 5JE4M9X53R;
				ENABLE_PREVIEWS = YES;
				GENERATE_INFOPLIST_FILE = YES;
				INFOPLIST_KEY_CFBundleDisplayName = HoleOut;
				INFOPLIST_KEY_LSApplicationCategoryType = "public.app-category.sports";
				INFOPLIST_KEY_UIApplicationSceneManifest_Generation = YES;
				INFOPLIST_KEY_UIApplicationSupportsIndirectInputEvents = YES;
				INFOPLIST_KEY_UILaunchScreen_Generation = YES;
				INFOPLIST_KEY_UISupportedInterfaceOrientations_iPad = "UIInterfaceOrientationPortrait UIInterfaceOrientationPortraitUpsideDown UIInterfaceOrientationLandscapeLeft UIInterfaceOrientationLandscapeRight";
				INFOPLIST_KEY_UISupportedInterfaceOrientations_iPhone = "UIInterfaceOrientationPortrait UIInterfaceOrientationLandscapeLeft UIInterfaceOrientationLandscapeRight";
				LD_RUNPATH_SEARCH_PATHS = (
					"$(inherited)",
					"@executable_path/Frameworks",
				);
				MARKETING_VERSION = 1.0;
				PRODUCT_BUNDLE_IDENTIFIER = dzapps.HoleOut;
				PRODUCT_NAME = "$(TARGET_NAME)";
				SWIFT_EMIT_LOC_STRINGS = YES;
				SWIFT_VERSION = 5.0;
				TARGETED_DEVICE_FAMILY = "1,2";
			};
			name = Debug;
		};
		F4009BCC2CD5A80300A7BF31 /* Release */ = {
			isa = XCBuildConfiguration;
			buildSettings = {
				ASSETCATALOG_COMPILER_APPICON_NAME = AppIcon;
				ASSETCATALOG_COMPILER_GLOBAL_ACCENT_COLOR_NAME = AccentColor;
				CODE_SIGN_STYLE = Automatic;
				CURRENT_PROJECT_VERSION = 1;
				DEVELOPMENT_ASSET_PATHS = "\"TeeOff/Preview Content\"";
				DEVELOPMENT_TEAM = 5JE4M9X53R;
				ENABLE_PREVIEWS = YES;
				GENERATE_INFOPLIST_FILE = YES;
				INFOPLIST_KEY_CFBundleDisplayName = HoleOut;
				INFOPLIST_KEY_LSApplicationCategoryType = "public.app-category.sports";
				INFOPLIST_KEY_UIApplicationSceneManifest_Generation = YES;
				INFOPLIST_KEY_UIApplicationSupportsIndirectInputEvents = YES;
				INFOPLIST_KEY_UILaunchScreen_Generation = YES;
				INFOPLIST_KEY_UISupportedInterfaceOrientations_iPad = "UIInterfaceOrientationPortrait UIInterfaceOrientationPortraitUpsideDown UIInterfaceOrientationLandscapeLeft UIInterfaceOrientationLandscapeRight";
				INFOPLIST_KEY_UISupportedInterfaceOrientations_iPhone = "UIInterfaceOrientationPortrait UIInterfaceOrientationLandscapeLeft UIInterfaceOrientationLandscapeRight";
				LD_RUNPATH_SEARCH_PATHS = (
					"$(inherited)",
					"@executable_path/Frameworks",
				);
				MARKETING_VERSION = 1.0;
				PRODUCT_BUNDLE_IDENTIFIER = dzapps.HoleOut;
				PRODUCT_NAME = "$(TARGET_NAME)";
				SWIFT_EMIT_LOC_STRINGS = YES;
				SWIFT_VERSION = 5.0;
				TARGETED_DEVICE_FAMILY = "1,2";
			};
			name = Release;
		};
		F4009BCE2CD5A80300A7BF31 /* Debug */ = {
			isa = XCBuildConfiguration;
			buildSettings = {
				BUNDLE_LOADER = "$(TEST_HOST)";
				CODE_SIGN_STYLE = Automatic;
				CURRENT_PROJECT_VERSION = 1;
				GENERATE_INFOPLIST_FILE = YES;
				IPHONEOS_DEPLOYMENT_TARGET = 18.1;
				MARKETING_VERSION = 1.0;
				PRODUCT_BUNDLE_IDENTIFIER = dzapps.TeeOffTests;
				PRODUCT_NAME = "$(TARGET_NAME)";
				SWIFT_EMIT_LOC_STRINGS = NO;
				SWIFT_VERSION = 5.0;
				TARGETED_DEVICE_FAMILY = "1,2";
				TEST_HOST = "$(BUILT_PRODUCTS_DIR)/TeeOff.app/$(BUNDLE_EXECUTABLE_FOLDER_PATH)/TeeOff";
			};
			name = Debug;
		};
		F4009BCF2CD5A80300A7BF31 /* Release */ = {
			isa = XCBuildConfiguration;
			buildSettings = {
				BUNDLE_LOADER = "$(TEST_HOST)";
				CODE_SIGN_STYLE = Automatic;
				CURRENT_PROJECT_VERSION = 1;
				GENERATE_INFOPLIST_FILE = YES;
				IPHONEOS_DEPLOYMENT_TARGET = 18.1;
				MARKETING_VERSION = 1.0;
				PRODUCT_BUNDLE_IDENTIFIER = dzapps.TeeOffTests;
				PRODUCT_NAME = "$(TARGET_NAME)";
				SWIFT_EMIT_LOC_STRINGS = NO;
				SWIFT_VERSION = 5.0;
				TARGETED_DEVICE_FAMILY = "1,2";
				TEST_HOST = "$(BUILT_PRODUCTS_DIR)/TeeOff.app/$(BUNDLE_EXECUTABLE_FOLDER_PATH)/TeeOff";
			};
			name = Release;
		};
		F4009BD12CD5A80300A7BF31 /* Debug */ = {
			isa = XCBuildConfiguration;
			buildSettings = {
				CODE_SIGN_STYLE = Automatic;
				CURRENT_PROJECT_VERSION = 1;
				GENERATE_INFOPLIST_FILE = YES;
				MARKETING_VERSION = 1.0;
				PRODUCT_BUNDLE_IDENTIFIER = dzapps.TeeOffUITests;
				PRODUCT_NAME = "$(TARGET_NAME)";
				SWIFT_EMIT_LOC_STRINGS = NO;
				SWIFT_VERSION = 5.0;
				TARGETED_DEVICE_FAMILY = "1,2";
				TEST_TARGET_NAME = TeeOff;
			};
			name = Debug;
		};
		F4009BD22CD5A80300A7BF31 /* Release */ = {
			isa = XCBuildConfiguration;
			buildSettings = {
				CODE_SIGN_STYLE = Automatic;
				CURRENT_PROJECT_VERSION = 1;
				GENERATE_INFOPLIST_FILE = YES;
				MARKETING_VERSION = 1.0;
				PRODUCT_BUNDLE_IDENTIFIER = dzapps.TeeOffUITests;
				PRODUCT_NAME = "$(TARGET_NAME)";
				SWIFT_EMIT_LOC_STRINGS = NO;
				SWIFT_VERSION = 5.0;
				TARGETED_DEVICE_FAMILY = "1,2";
				TEST_TARGET_NAME = TeeOff;
			};
			name = Release;
		};
/* End XCBuildConfiguration section */

/* Begin XCConfigurationList section */
		F4009BA12CD5A80200A7BF31 /* Build configuration list for PBXProject "TeeOff" */ = {
			isa = XCConfigurationList;
			buildConfigurations = (
				F4009BC82CD5A80300A7BF31 /* Debug */,
				F4009BC92CD5A80300A7BF31 /* Release */,
			);
			defaultConfigurationIsVisible = 0;
			defaultConfigurationName = Release;
		};
		F4009BCA2CD5A80300A7BF31 /* Build configuration list for PBXNativeTarget "TeeOff" */ = {
			isa = XCConfigurationList;
			buildConfigurations = (
				F4009BCB2CD5A80300A7BF31 /* Debug */,
				F4009BCC2CD5A80300A7BF31 /* Release */,
			);
			defaultConfigurationIsVisible = 0;
			defaultConfigurationName = Release;
		};
		F4009BCD2CD5A80300A7BF31 /* Build configuration list for PBXNativeTarget "TeeOffTests" */ = {
			isa = XCConfigurationList;
			buildConfigurations = (
				F4009BCE2CD5A80300A7BF31 /* Debug */,
				F4009BCF2CD5A80300A7BF31 /* Release */,
			);
			defaultConfigurationIsVisible = 0;
			defaultConfigurationName = Release;
		};
		F4009BD02CD5A80300A7BF31 /* Build configuration list for PBXNativeTarget "TeeOffUITests" */ = {
			isa = XCConfigurationList;
			buildConfigurations = (
				F4009BD12CD5A80300A7BF31 /* Debug */,
				F4009BD22CD5A80300A7BF31 /* Release */,
			);
			defaultConfigurationIsVisible = 0;
			defaultConfigurationName = Release;
		};
/* End XCConfigurationList section */
	};
	rootObject = F4009B9E2CD5A80200A7BF31 /* Project object */;
}
